
Microsoft Visual Studio Solution File, Format Version 12.00
# Visual Studio Version 17
VisualStudioVersion = 17.7.34018.315
MinimumVisualStudioVersion = 10.0.40219.1
Project("{9A19103F-16F7-4668-BE54-9A1E7A4F7556}") = "SplitSQLScript", "SplitSQLScript.csproj", "{1A1CC20F-432E-4339-9D87-587DC002DC72}"
EndProject
Global
	GlobalSection(SolutionConfigurationPlatforms) = preSolution
		Debug|Any CPU = Debug|Any CPU
		Release|Any CPU = Release|Any CPU
	EndGlobalSection
	GlobalSection(ProjectConfigurationPlatforms) = postSolution
		{1A1CC20F-432E-4339-9D87-587DC002DC72}.Debug|Any CPU.ActiveCfg = Debug|Any CPU
		{1A1CC20F-432E-4339-9D87-587DC002DC72}.Debug|Any CPU.Build.0 = Debug|Any CPU
		{1A1CC20F-432E-4339-9D87-587DC002DC72}.Release|Any CPU.ActiveCfg = Release|Any CPU
		{1A1CC20F-432E-4339-9D87-587DC002DC72}.Release|Any CPU.Build.0 = Release|Any CPU
	EndGlobalSection
	GlobalSection(SolutionProperties) = preSolution
		HideSolutionNode = FALSE
	EndGlobalSection
	GlobalSection(ExtensibilityGlobals) = postSolution
		SolutionGuid = {612354B1-A87E-4FF8-B40B-5B23A8D09438}
	EndGlobalSection
EndGlobal
